
Microsoft Visual Studio Solution File, Format Version 12.00
# Visual Studio Version 16
VisualStudioVersion = 16.0.32407.337
MinimumVisualStudioVersion = 10.0.40219.1
Project("{FAE04EC0-301F-11D3-BF4B-00C04F79EFBC}") = "Autodesk.ADN.Rvt2Dwg", "Autodesk.ADN.Rvt2Dwg\Autodesk.ADN.Rvt2Dwg.csproj", "{B85B0E2D-B278-4AED-A883-CCA65C423FD7}"
EndProject
Global
	GlobalSection(SolutionConfigurationPlatforms) = preSolution
		Debug|Any CPU = Debug|Any CPU
		Release|Any CPU = Release|Any CPU
	EndGlobalSection
	GlobalSection(ProjectConfigurationPlatforms) = postSolution
		{B85B0E2D-B278-4AED-A883-CCA65C423FD7}.Debug|Any CPU.ActiveCfg = Debug|Any CPU
		{B85B0E2D-B278-4AED-A883-CCA65C423FD7}.Debug|Any CPU.Build.0 = Debug|Any CPU
		{B85B0E2D-B278-4AED-A883-CCA65C423FD7}.Release|Any CPU.ActiveCfg = Release|Any CPU
		{B85B0E2D-B278-4AED-A883-CCA65C423FD7}.Release|Any CPU.Build.0 = Release|Any CPU
	EndGlobalSection
	GlobalSection(SolutionProperties) = preSolution
		HideSolutionNode = FALSE
	EndGlobalSection
	GlobalSection(ExtensibilityGlobals) = postSolution
		SolutionGuid = {4A3BD7AB-B027-4AA1-9966-74AC27049900}
	EndGlobalSection
EndGlobal
